// !$*UTF8*$!
{
	archiveVersion = 1;
	classes = {
	};
	objectVersion = 56;
	objects = {

/* Begin PBXBuildFile section */
		066103972A387952009590DD /* ProductsTableViewCell.swift in Sources */ = {isa = PBXBuildFile; fileRef = 066103952A387952009590DD /* ProductsTableViewCell.swift */; };
		066103982A387952009590DD /* ProductsTableViewCell.xib in Resources */ = {isa = PBXBuildFile; fileRef = 066103962A387952009590DD /* ProductsTableViewCell.xib */; };
		0661039A2A387FBC009590DD /* ProtocolProductData.swift in Sources */ = {isa = PBXBuildFile; fileRef = 066103992A387FBC009590DD /* ProtocolProductData.swift */; };
		067F16FD2A38626B003544D6 /* AppDelegate.swift in Sources */ = {isa = PBXBuildFile; fileRef = 067F16FC2A38626B003544D6 /* AppDelegate.swift */; };
		067F16FF2A38626B003544D6 /* SceneDelegate.swift in Sources */ = {isa = PBXBuildFile; fileRef = 067F16FE2A38626B003544D6 /* SceneDelegate.swift */; };
		067F17012A38626B003544D6 /* LoginViewController.swift in Sources */ = {isa = PBXBuildFile; fileRef = 067F17002A38626B003544D6 /* LoginViewController.swift */; };
		067F17042A38626B003544D6 /* Main.storyboard in Resources */ = {isa = PBXBuildFile; fileRef = 067F17022A38626B003544D6 /* Main.storyboard */; };
		067F17062A38626D003544D6 /* Assets.xcassets in Resources */ = {isa = PBXBuildFile; fileRef = 067F17052A38626D003544D6 /* Assets.xcassets */; };
		067F17092A38626D003544D6 /* LaunchScreen.storyboard in Resources */ = {isa = PBXBuildFile; fileRef = 067F17072A38626D003544D6 /* LaunchScreen.storyboard */; };
		067F17132A387098003544D6 /* HomeViewController.swift in Sources */ = {isa = PBXBuildFile; fileRef = 067F17122A387098003544D6 /* HomeViewController.swift */; };
		067F17152A3872DA003544D6 /* Products.swift in Sources */ = {isa = PBXBuildFile; fileRef = 067F17142A3872DA003544D6 /* Products.swift */; };
/* End PBXBuildFile section */

/* Begin PBXFileReference section */
		066103952A387952009590DD /* ProductsTableViewCell.swift */ = {isa = PBXFileReference; lastKnownFileType = sourcecode.swift; path = ProductsTableViewCell.swift; sourceTree = "<group>"; };
		066103962A387952009590DD /* ProductsTableViewCell.xib */ = {isa = PBXFileReference; lastKnownFileType = file.xib; path = ProductsTableViewCell.xib; sourceTree = "<group>"; };
		066103992A387FBC009590DD /* ProtocolProductData.swift */ = {isa = PBXFileReference; lastKnownFileType = sourcecode.swift; path = ProtocolProductData.swift; sourceTree = "<group>"; };
		067F16F92A38626B003544D6 /* Qnopy_Task.app */ = {isa = PBXFileReference; explicitFileType = wrapper.application; includeInIndex = 0; path = Qnopy_Task.app; sourceTree = BUILT_PRODUCTS_DIR; };
		067F16FC2A38626B003544D6 /* AppDelegate.swift */ = {isa = PBXFileReference; lastKnownFileType = sourcecode.swift; path = AppDelegate.swift; sourceTree = "<group>"; };
		067F16FE2A38626B003544D6 /* SceneDelegate.swift */ = {isa = PBXFileReference; lastKnownFileType = sourcecode.swift; path = SceneDelegate.swift; sourceTree = "<group>"; };
		067F17002A38626B003544D6 /* LoginViewController.swift */ = {isa = PBXFileReference; lastKnownFileType = sourcecode.swift; path = LoginViewController.swift; sourceTree = "<group>"; };
		067F17032A38626B003544D6 /* Base */ = {isa = PBXFileReference; lastKnownFileType = file.storyboard; name = Base; path = Base.lproj/Main.storyboard; sourceTree = "<group>"; };
		067F17052A38626D003544D6 /* Assets.xcassets */ = {isa = PBXFileReference; lastKnownFileType = folder.assetcatalog; path = Assets.xcassets; sourceTree = "<group>"; };
		067F17082A38626D003544D6 /* Base */ = {isa = PBXFileReference; lastKnownFileType = file.storyboard; name = Base; path = Base.lproj/LaunchScreen.storyboard; sourceTree = "<group>"; };
		067F170A2A38626D003544D6 /* Info.plist */ = {isa = PBXFileReference; lastKnownFileType = text.plist.xml; path = Info.plist; sourceTree = "<group>"; };
		067F17122A387098003544D6 /* HomeViewController.swift */ = {isa = PBXFileReference; lastKnownFileType = sourcecode.swift; path = HomeViewController.swift; sourceTree = "<group>"; };
		067F17142A3872DA003544D6 /* Products.swift */ = {isa = PBXFileReference; lastKnownFileType = sourcecode.swift; path = Products.swift; sourceTree = "<group>"; };
/* End PBXFileReference section */

/* Begin PBXFrameworksBuildPhase section */
		067F16F62A38626B003544D6 /* Frameworks */ = {
			isa = PBXFrameworksBuildPhase;
			buildActionMask = 2147483647;
			files = (
			);
			runOnlyForDeploymentPostprocessing = 0;
		};
/* End PBXFrameworksBuildPhase section */

/* Begin PBXGroup section */
		067F16F02A38626B003544D6 = {
			isa = PBXGroup;
			children = (
				067F16FB2A38626B003544D6 /* Qnopy_Task */,
				067F16FA2A38626B003544D6 /* Products */,
			);
			sourceTree = "<group>";
		};
		067F16FA2A38626B003544D6 /* Products */ = {
			isa = PBXGroup;
			children = (
				067F16F92A38626B003544D6 /* Qnopy_Task.app */,
			);
			name = Products;
			sourceTree = "<group>";
		};
		067F16FB2A38626B003544D6 /* Qnopy_Task */ = {
			isa = PBXGroup;
			children = (
				067F16FC2A38626B003544D6 /* AppDelegate.swift */,
				067F16FE2A38626B003544D6 /* SceneDelegate.swift */,
				067F17002A38626B003544D6 /* LoginViewController.swift */,
				067F17122A387098003544D6 /* HomeViewController.swift */,
				066103992A387FBC009590DD /* ProtocolProductData.swift */,
				066103952A387952009590DD /* ProductsTableViewCell.swift */,
				066103962A387952009590DD /* ProductsTableViewCell.xib */,
				067F17142A3872DA003544D6 /* Products.swift */,
				067F17022A38626B003544D6 /* Main.storyboard */,
				067F17052A38626D003544D6 /* Assets.xcassets */,
				067F17072A38626D003544D6 /* LaunchScreen.storyboard */,
				067F170A2A38626D003544D6 /* Info.plist */,
			);
			path = Qnopy_Task;
			sourceTree = "<group>";
		};
/* End PBXGroup section */

/* Begin PBXNativeTarget section */
		067F16F82A38626B003544D6 /* Qnopy_Task */ = {
			isa = PBXNativeTarget;
			buildConfigurationList = 067F170D2A38626D003544D6 /* Build configuration list for PBXNativeTarget "Qnopy_Task" */;
			buildPhases = (
				067F16F52A38626B003544D6 /* Sources */,
				067F16F62A38626B003544D6 /* Frameworks */,
				067F16F72A38626B003544D6 /* Resources */,
			);
			buildRules = (
			);
			dependencies = (
			);
			name = Qnopy_Task;
			productName = Qnopy_Task;
			productReference = 067F16F92A38626B003544D6 /* Qnopy_Task.app */;
			productType = "com.apple.product-type.application";
		};
/* End PBXNativeTarget section */

/* Begin PBXProject section */
		067F16F12A38626B003544D6 /* Project object */ = {
			isa = PBXProject;
			attributes = {
				BuildIndependentTargetsInParallel = 1;
				LastSwiftUpdateCheck = 1430;
				LastUpgradeCheck = 1430;
				TargetAttributes = {
					067F16F82A38626B003544D6 = {
						CreatedOnToolsVersion = 14.3;
					};
				};
			};
			buildConfigurationList = 067F16F42A38626B003544D6 /* Build configuration list for PBXProject "Qnopy_Task" */;
			compatibilityVersion = "Xcode 14.0";
			developmentRegion = en;
			hasScannedForEncodings = 0;
			knownRegions = (
				en,
				Base,
			);
			mainGroup = 067F16F02A38626B003544D6;
			productRefGroup = 067F16FA2A38626B003544D6 /* Products */;
			projectDirPath = "";
			projectRoot = "";
			targets = (
				067F16F82A38626B003544D6 /* Qnopy_Task */,
			);
		};
/* End PBXProject section */

/* Begin PBXResourcesBuildPhase section */
		067F16F72A38626B003544D6 /* Resources */ = {
			isa = PBXResourcesBuildPhase;
			buildActionMask = 2147483647;
			files = (
				067F17092A38626D003544D6 /* LaunchScreen.storyboard in Resources */,
				066103982A387952009590DD /* ProductsTableViewCell.xib in Resources */,
				067F17062A38626D003544D6 /* Assets.xcassets in Resources */,
				067F17042A38626B003544D6 /* Main.storyboard in Resources */,
			);
			runOnlyForDeploymentPostprocessing = 0;
		};
/* End PBXResourcesBuildPhase section */

/* Begin PBXSourcesBuildPhase section */
		067F16F52A38626B003544D6 /* Sources */ = {
			isa = PBXSourcesBuildPhase;
			buildActionMask = 2147483647;
			files = (
				067F17012A38626B003544D6 /* LoginViewController.swift in Sources */,
				067F16FD2A38626B003544D6 /* AppDelegate.swift in Sources */,
				0661039A2A387FBC009590DD /* ProtocolProductData.swift in Sources */,
				067F17152A3872DA003544D6 /* Products.swift in Sources */,
				066103972A387952009590DD /* ProductsTableViewCell.swift in Sources */,
				067F16FF2A38626B003544D6 /* SceneDelegate.swift in Sources */,
				067F17132A387098003544D6 /* HomeViewController.swift in Sources */,
			);
			runOnlyForDeploymentPostprocessing = 0;
		};
/* End PBXSourcesBuildPhase section */

/* Begin PBXVariantGroup section */
		067F17022A38626B003544D6 /* Main.storyboard */ = {
			isa = PBXVariantGroup;
			children = (
				067F17032A38626B003544D6 /* Base */,
			);
			name = Main.storyboard;
			sourceTree = "<group>";
		};
		067F17072A38626D003544D6 /* LaunchScreen.storyboard */ = {
			isa = PBXVariantGroup;
			children = (
				067F17082A38626D003544D6 /* Base */,
			);
			name = LaunchScreen.storyboard;
			sourceTree = "<group>";
		};
/* End PBXVariantGroup section */

/* Begin XCBuildConfiguration section */
		067F170B2A38626D003544D6 /* Debug */ = {
			isa = XCBuildConfiguration;
			buildSettings = {
				ALWAYS_SEARCH_USER_PATHS = NO;
				CLANG_ANALYZER_NONNULL = YES;
				CLANG_ANALYZER_NUMBER_OBJECT_CONVERSION = YES_AGGRESSIVE;
				CLANG_CXX_LANGUAGE_STANDARD = "gnu++20";
				CLANG_ENABLE_MODULES = YES;
				CLANG_ENABLE_OBJC_ARC = YES;
				CLANG_ENABLE_OBJC_WEAK = YES;
				CLANG_WARN_BLOCK_CAPTURE_AUTORELEASING = YES;
				CLANG_WARN_BOOL_CONVERSION = YES;
				CLANG_WARN_COMMA = YES;
				CLANG_WARN_CONSTANT_CONVERSION = YES;
				CLANG_WARN_DEPRECATED_OBJC_IMPLEMENTATIONS = YES;
				CLANG_WARN_DIRECT_OBJC_ISA_USAGE = YES_ERROR;
				CLANG_WARN_DOCUMENTATION_COMMENTS = YES;
				CLANG_WARN_EMPTY_BODY = YES;
				CLANG_WARN_ENUM_CONVERSION = YES;
				CLANG_WARN_INFINITE_RECURSION = YES;
				CLANG_WARN_INT_CONVERSION = YES;
				CLANG_WARN_NON_LITERAL_NULL_CONVERSION = YES;
				CLANG_WARN_OBJC_IMPLICIT_RETAIN_SELF = YES;
				CLANG_WARN_OBJC_LITERAL_CONVERSION = YES;
				CLANG_WARN_OBJC_ROOT_CLASS = YES_ERROR;
				CLANG_WARN_QUOTED_INCLUDE_IN_FRAMEWORK_HEADER = YES;
				CLANG_WARN_RANGE_LOOP_ANALYSIS = YES;
				CLANG_WARN_STRICT_PROTOTYPES = YES;
				CLANG_WARN_SUSPICIOUS_MOVE = YES;
				CLANG_WARN_UNGUARDED_AVAILABILITY = YES_AGGRESSIVE;
				CLANG_WARN_UNREACHABLE_CODE = YES;
				CLANG_WARN__DUPLICATE_METHOD_MATCH = YES;
				COPY_PHASE_STRIP = NO;
				DEBUG_INFORMATION_FORMAT = dwarf;
				ENABLE_STRICT_OBJC_MSGSEND = YES;
				ENABLE_TESTABILITY = YES;
				GCC_C_LANGUAGE_STANDARD = gnu11;
				GCC_DYNAMIC_NO_PIC = NO;
				GCC_NO_COMMON_BLOCKS = YES;
				GCC_OPTIMIZATION_LEVEL = 0;
				GCC_PREPROCESSOR_DEFINITIONS = (
					"DEBUG=1",
					"$(inherited)",
				);
				GCC_WARN_64_TO_32_BIT_CONVERSION = YES;
				GCC_WARN_ABOUT_RETURN_TYPE = YES_ERROR;
				GCC_WARN_UNDECLARED_SELECTOR = YES;
				GCC_WARN_UNINITIALIZED_AUTOS = YES_AGGRESSIVE;
				GCC_WARN_UNUSED_FUNCTION = YES;
				GCC_WARN_UNUSED_VARIABLE = YES;
				IPHONEOS_DEPLOYMENT_TARGET = 16.4;
				MTL_ENABLE_DEBUG_INFO = INCLUDE_SOURCE;
				MTL_FAST_MATH = YES;
				ONLY_ACTIVE_ARCH = YES;
				SDKROOT = iphoneos;
				SWIFT_ACTIVE_COMPILATION_CONDITIONS = DEBUG;
				SWIFT_OPTIMIZATION_LEVEL = "-Onone";
			};
			name = Debug;
		};
		067F170C2A38626D003544D6 /* Release */ = {
			isa = XCBuildConfiguration;
			buildSettings = {
				ALWAYS_SEARCH_USER_PATHS = NO;
				CLANG_ANALYZER_NONNULL = YES;
				CLANG_ANALYZER_NUMBER_OBJECT_CONVERSION = YES_AGGRESSIVE;
				CLANG_CXX_LANGUAGE_STANDARD = "gnu++20";
				CLANG_ENABLE_MODULES = YES;
				CLANG_ENABLE_OBJC_ARC = YES;
				CLANG_ENABLE_OBJC_WEAK = YES;
				CLANG_WARN_BLOCK_CAPTURE_AUTORELEASING = YES;
				CLANG_WARN_BOOL_CONVERSION = YES;
				CLANG_WARN_COMMA = YES;
				CLANG_WARN_CONSTANT_CONVERSION = YES;
				CLANG_WARN_DEPRECATED_OBJC_IMPLEMENTATIONS = YES;
				CLANG_WARN_DIRECT_OBJC_ISA_USAGE = YES_ERROR;
				CLANG_WARN_DOCUMENTATION_COMMENTS = YES;
				CLANG_WARN_EMPTY_BODY = YES;
				CLANG_WARN_ENUM_CONVERSION = YES;
				CLANG_WARN_INFINITE_RECURSION = YES;
				CLANG_WARN_INT_CONVERSION = YES;
				CLANG_WARN_NON_LITERAL_NULL_CONVERSION = YES;
				CLANG_WARN_OBJC_IMPLICIT_RETAIN_SELF = YES;
				CLANG_WARN_OBJC_LITERAL_CONVERSION = YES;
				CLANG_WARN_OBJC_ROOT_CLASS = YES_ERROR;
				CLANG_WARN_QUOTED_INCLUDE_IN_FRAMEWORK_HEADER = YES;
				CLANG_WARN_RANGE_LOOP_ANALYSIS = YES;
				CLANG_WARN_STRICT_PROTOTYPES = YES;
				CLANG_WARN_SUSPICIOUS_MOVE = YES;
				CLANG_WARN_UNGUARDED_AVAILABILITY = YES_AGGRESSIVE;
				CLANG_WARN_UNREACHABLE_CODE = YES;
				CLANG_WARN__DUPLICATE_METHOD_MATCH = YES;
				COPY_PHASE_STRIP = NO;
				DEBUG_INFORMATION_FORMAT = "dwarf-with-dsym";
				ENABLE_NS_ASSERTIONS = NO;
				ENABLE_STRICT_OBJC_MSGSEND = YES;
				GCC_C_LANGUAGE_STANDARD = gnu11;
				GCC_NO_COMMON_BLOCKS = YES;
				GCC_WARN_64_TO_32_BIT_CONVERSION = YES;
				GCC_WARN_ABOUT_RETURN_TYPE = YES_ERROR;
				GCC_WARN_UNDECLARED_SELECTOR = YES;
				GCC_WARN_UNINITIALIZED_AUTOS = YES_AGGRESSIVE;
				GCC_WARN_UNUSED_FUNCTION = YES;
				GCC_WARN_UNUSED_VARIABLE = YES;
				IPHONEOS_DEPLOYMENT_TARGET = 16.4;
				MTL_ENABLE_DEBUG_INFO = NO;
				MTL_FAST_MATH = YES;
				SDKROOT = iphoneos;
				SWIFT_COMPILATION_MODE = wholemodule;
				SWIFT_OPTIMIZATION_LEVEL = "-O";
				VALIDATE_PRODUCT = YES;
			};
			name = Release;
		};
		067F170E2A38626D003544D6 /* Debug */ = {
			isa = XCBuildConfiguration;
			buildSettings = {
				ASSETCATALOG_COMPILER_APPICON_NAME = AppIcon;
				ASSETCATALOG_COMPILER_GLOBAL_ACCENT_COLOR_NAME = AccentColor;
				CODE_SIGN_STYLE = Automatic;
				CURRENT_PROJECT_VERSION = 1;
				DEVELOPMENT_TEAM = GUHF2Y86AT;
				GENERATE_INFOPLIST_FILE = YES;
				INFOPLIST_FILE = Qnopy_Task/Info.plist;
				INFOPLIST_KEY_UIApplicationSupportsIndirectInputEvents = YES;
				INFOPLIST_KEY_UILaunchStoryboardName = LaunchScreen;
				INFOPLIST_KEY_UIMainStoryboardFile = Main;
				INFOPLIST_KEY_UISupportedInterfaceOrientations_iPad = "UIInterfaceOrientationPortrait UIInterfaceOrientationPortraitUpsideDown UIInterfaceOrientationLandscapeLeft UIInterfaceOrientationLandscapeRight";
				INFOPLIST_KEY_UISupportedInterfaceOrientations_iPhone = "UIInterfaceOrientationPortrait UIInterfaceOrientationLandscapeLeft UIInterfaceOrientationLandscapeRight";
				LD_RUNPATH_SEARCH_PATHS = (
					"$(inherited)",
					"@executable_path/Frameworks",
				);
				MARKETING_VERSION = 1.0;
				PRODUCT_BUNDLE_IDENTIFIER = "com.ui.Qnopy-Task";
				PRODUCT_NAME = "$(TARGET_NAME)";
				SWIFT_EMIT_LOC_STRINGS = YES;
				SWIFT_VERSION = 5.0;
				TARGETED_DEVICE_FAMILY = "1,2";
			};
			name = Debug;
		};
		067F170F2A38626D003544D6 /* Release */ = {
			isa = XCBuildConfiguration;
			buildSettings = {
				ASSETCATALOG_COMPILER_APPICON_NAME = AppIcon;
				ASSETCATALOG_COMPILER_GLOBAL_ACCENT_COLOR_NAME = AccentColor;
				CODE_SIGN_STYLE = Automatic;
				CURRENT_PROJECT_VERSION = 1;
				DEVELOPMENT_TEAM = GUHF2Y86AT;
				GENERATE_INFOPLIST_FILE = YES;
				INFOPLIST_FILE = Qnopy_Task/Info.plist;
				INFOPLIST_KEY_UIApplicationSupportsIndirectInputEvents = YES;
				INFOPLIST_KEY_UILaunchStoryboardName = LaunchScreen;
				INFOPLIST_KEY_UIMainStoryboardFile = Main;
				INFOPLIST_KEY_UISupportedInterfaceOrientations_iPad = "UIInterfaceOrientationPortrait UIInterfaceOrientationPortraitUpsideDown UIInterfaceOrientationLandscapeLeft UIInterfaceOrientationLandscapeRight";
				INFOPLIST_KEY_UISupportedInterfaceOrientations_iPhone = "UIInterfaceOrientationPortrait UIInterfaceOrientationLandscapeLeft UIInterfaceOrientationLandscapeRight";
				LD_RUNPATH_SEARCH_PATHS = (
					"$(inherited)",
					"@executable_path/Frameworks",
				);
				MARKETING_VERSION = 1.0;
				PRODUCT_BUNDLE_IDENTIFIER = "com.ui.Qnopy-Task";
				PRODUCT_NAME = "$(TARGET_NAME)";
				SWIFT_EMIT_LOC_STRINGS = YES;
				SWIFT_VERSION = 5.0;
				TARGETED_DEVICE_FAMILY = "1,2";
			};
			name = Release;
		};
/* End XCBuildConfiguration section */

/* Begin XCConfigurationList section */
		067F16F42A38626B003544D6 /* Build configuration list for PBXProject "Qnopy_Task" */ = {
			isa = XCConfigurationList;
			buildConfigurations = (
				067F170B2A38626D003544D6 /* Debug */,
				067F170C2A38626D003544D6 /* Release */,
			);
			defaultConfigurationIsVisible = 0;
			defaultConfigurationName = Release;
		};
		067F170D2A38626D003544D6 /* Build configuration list for PBXNativeTarget "Qnopy_Task" */ = {
			isa = XCConfigurationList;
			buildConfigurations = (
				067F170E2A38626D003544D6 /* Debug */,
				067F170F2A38626D003544D6 /* Release */,
			);
			defaultConfigurationIsVisible = 0;
			defaultConfigurationName = Release;
		};
/* End XCConfigurationList section */
	};
	rootObject = 067F16F12A38626B003544D6 /* Project object */;
}
